
Microsoft Visual Studio Solution File, Format Version 12.00
# Visual Studio Version 16
VisualStudioVersion = 16.0.30907.101
MinimumVisualStudioVersion = 10.0.40219.1
Project("{FAE04EC0-301F-11D3-BF4B-00C04F79EFBC}") = "HFC_Comic_LINQ", "HFC_Comic_LINQ\HFC_Comic_LINQ.csproj", "{4D9A3403-727E-48C5-957A-499E7B502651}"
EndProject
Global
	GlobalSection(SolutionConfigurationPlatforms) = preSolution
		Debug|Any CPU = Debug|Any CPU
		Release|Any CPU = Release|Any CPU
	EndGlobalSection
	GlobalSection(ProjectConfigurationPlatforms) = postSolution
		{4D9A3403-727E-48C5-957A-499E7B502651}.Debug|Any CPU.ActiveCfg = Debug|Any CPU
		{4D9A3403-727E-48C5-957A-499E7B502651}.Debug|Any CPU.Build.0 = Debug|Any CPU
		{4D9A3403-727E-48C5-957A-499E7B502651}.Release|Any CPU.ActiveCfg = Release|Any CPU
		{4D9A3403-727E-48C5-957A-499E7B502651}.Release|Any CPU.Build.0 = Release|Any CPU
	EndGlobalSection
	GlobalSection(SolutionProperties) = preSolution
		HideSolutionNode = FALSE
	EndGlobalSection
	GlobalSection(ExtensibilityGlobals) = postSolution
		SolutionGuid = {FE3B3EB8-ACC3-4092-955E-ADD2D247E614}
	EndGlobalSection
EndGlobal
